
Microsoft Visual Studio Solution File, Format Version 12.00
# Visual Studio Version 17
VisualStudioVersion = 17.6.33829.357
MinimumVisualStudioVersion = 10.0.40219.1
Project("{FAE04EC0-301F-11D3-BF4B-00C04F79EFBC}") = "BlazorQuiz", "BlazorQuiz\BlazorQuiz.csproj", "{EE5C0CB2-DA05-440F-A2A6-4668BF60C806}"
EndProject
Global
	GlobalSection(SolutionConfigurationPlatforms) = preSolution
		Debug|Any CPU = Debug|Any CPU
		Release|Any CPU = Release|Any CPU
	EndGlobalSection
	GlobalSection(ProjectConfigurationPlatforms) = postSolution
		{EE5C0CB2-DA05-440F-A2A6-4668BF60C806}.Debug|Any CPU.ActiveCfg = Debug|Any CPU
		{EE5C0CB2-DA05-440F-A2A6-4668BF60C806}.Debug|Any CPU.Build.0 = Debug|Any CPU
		{EE5C0CB2-DA05-440F-A2A6-4668BF60C806}.Release|Any CPU.ActiveCfg = Release|Any CPU
		{EE5C0CB2-DA05-440F-A2A6-4668BF60C806}.Release|Any CPU.Build.0 = Release|Any CPU
	EndGlobalSection
	GlobalSection(SolutionProperties) = preSolution
		HideSolutionNode = FALSE
	EndGlobalSection
	GlobalSection(ExtensibilityGlobals) = postSolution
		SolutionGuid = {202FE9D4-24EE-4D7B-BEA8-424519EDDC50}
	EndGlobalSection
EndGlobal
